{
    "_readme": [
        "This file locks the dependencies of your project to a known state",
        "Read more about it at https://getcomposer.org/doc/01-basic-usage.md#installing-dependencies",
        "This file is @generated automatically"
    ],
    "content-hash": "5d28a970840826a0ac8ea7eebf32f02e",
    "packages": [
        {
            "name": "spiral/goridge",
            "version": "v3.0.1",
            "source": {
                "type": "git",
                "url": "https://github.com/spiral/goridge-php.git",
                "reference": "3258892afd1d0a9cb889eb21ddd353dd06ba774d"
            },
            "dist": {
                "type": "zip",
                "url": "https://api.github.com/repos/spiral/goridge-php/zipball/3258892afd1d0a9cb889eb21ddd353dd06ba774d",
                "reference": "3258892afd1d0a9cb889eb21ddd353dd06ba774d",
                "shasum": ""
            },
            "require": {
                "ext-json": "*",
                "ext-sockets": "*",
                "php": ">=7.4"
            },
            "require-dev": {
                "phpstan/phpstan": "~0.12.34",
                "phpunit/phpunit": "~8.0",
                "rybakit/msgpack": "^0.7.1",
                "spiral/code-style": "^1.0"
            },
            "type": "goridge",
            "autoload": {
                "psr-4": {
                    "Spiral\\Goridge\\": "src/"
                }
            },
            "notification-url": "https://packagist.org/downloads/",
            "license": [
                "MIT"
            ],
            "authors": [
                {
                    "name": "Anton Titov / Wolfy-J",
                    "email": "wolfy.jd@gmail.com"
                }
            ],
            "description": "High-performance PHP-to-Golang RPC bridge",
            "support": {
                "issues": "https://github.com/spiral/goridge-php/issues",
                "source": "https://github.com/spiral/goridge-php/tree/v3.0.1"
            },
            "time": "2021-03-11T14:28:29+00:00"
        }
    ],
    "packages-dev": [],
    "aliases": [],
    "minimum-stability": "stable",
    "stability-flags": [],
    "prefer-stable": false,
    "prefer-lowest": false,
    "platform": [],
    "platform-dev": [],
    "plugin-api-version": "2.0.0"
}
